
Microsoft Visual Studio Solution File, Format Version 12.00
# Visual Studio Version 17
VisualStudioVersion = 17.2.32519.379
MinimumVisualStudioVersion = 10.0.40219.1
Project("{FAE04EC0-301F-11D3-BF4B-00C04F79EFBC}") = "Antanidoss.Specification.Filters", "Antanidoss.Specification.Filters\Antanidoss.Specification.Filters.csproj", "{FAAA3ADE-5F87-44D4-BE01-29F1AFABAF03}"
EndProject
Global
	GlobalSection(SolutionConfigurationPlatforms) = preSolution
		Debug|Any CPU = Debug|Any CPU
		Release|Any CPU = Release|Any CPU
	EndGlobalSection
	GlobalSection(ProjectConfigurationPlatforms) = postSolution
		{FAAA3ADE-5F87-44D4-BE01-29F1AFABAF03}.Debug|Any CPU.ActiveCfg = Debug|Any CPU
		{FAAA3ADE-5F87-44D4-BE01-29F1AFABAF03}.Debug|Any CPU.Build.0 = Debug|Any CPU
		{FAAA3ADE-5F87-44D4-BE01-29F1AFABAF03}.Release|Any CPU.ActiveCfg = Release|Any CPU
		{FAAA3ADE-5F87-44D4-BE01-29F1AFABAF03}.Release|Any CPU.Build.0 = Release|Any CPU
	EndGlobalSection
	GlobalSection(SolutionProperties) = preSolution
		HideSolutionNode = FALSE
	EndGlobalSection
	GlobalSection(ExtensibilityGlobals) = postSolution
		SolutionGuid = {89C9F628-2B57-45D2-8A52-0E0C12E4EC5E}
	EndGlobalSection
EndGlobal
